{
	"name": "vscode-cashscript-server",
	"version": "1.0.0",
	"lockfileVersion": 1,
	"requires": true,
	"dependencies": {
		"@bitauth/libauth": {
			"version": "1.18.1",
			"resolved": "https://registry.npmjs.org/@bitauth/libauth/-/libauth-1.18.1.tgz",
			"integrity": "sha512-s7evdGbdGAnGkv7xt6mCbcWTTNvburc1Z9EX/8JKwcRLqofjDs7VAEz+RP3a8OGEo4MWFV6Ydqu/BeJjIA7Kdg=="
		},
		"@types/node": {
			"version": "14.14.31",
			"resolved": "https://registry.npmjs.org/@types/node/-/node-14.14.31.tgz",
			"integrity": "sha512-vFHy/ezP5qI0rFgJ7aQnjDXwAMrG0KqqIH7tQG5PPv3BWBayOPIQNBjVc/P6hhdZfMx51REc6tfDNXHUio893g=="
		},
		"@types/semver": {
			"version": "6.2.2",
			"resolved": "https://registry.npmjs.org/@types/semver/-/semver-6.2.2.tgz",
			"integrity": "sha512-RxAwYt4rGwK5GyoRwuP0jT6ZHAVTdz2EqgsHmX0PYNjGsko+OeT4WFXXTs/lM3teJUJodM+SNtAL5/pXIJ61IQ=="
		},
		"@types/ws": {
			"version": "7.4.0",
			"resolved": "https://registry.npmjs.org/@types/ws/-/ws-7.4.0.tgz",
			"integrity": "sha512-Y29uQ3Uy+58bZrFLhX36hcI3Np37nqWE7ky5tjiDoy1GDZnIwVxS0CgF+s+1bXMzjKBFy+fqaRfb708iNzdinw==",
			"requires": {
				"@types/node": "*"
			}
		},
		"antlr4ts": {
			"version": "0.5.0-alpha.4",
			"resolved": "https://registry.npmjs.org/antlr4ts/-/antlr4ts-0.5.0-alpha.4.tgz",
			"integrity": "sha512-WPQDt1B74OfPv/IMS2ekXAKkTZIHl88uMetg6q3OTqgFxZ/dxDXI0EWLyZid/1Pe6hTftyg5N7gel5wNAGxXyQ=="
		},
		"async-mutex": {
			"version": "0.2.6",
			"resolved": "https://registry.npmjs.org/async-mutex/-/async-mutex-0.2.6.tgz",
			"integrity": "sha512-Hs4R+4SPgamu6rSGW8C7cV9gaWUKEHykfzCCvIRuaVv636Ju10ZdeUbvb4TBEW0INuq2DHZqXbK4Nd3yG4RaRw==",
			"requires": {
				"tslib": "^2.0.0"
			}
		},
		"bip68": {
			"version": "1.0.4",
			"resolved": "https://registry.npmjs.org/bip68/-/bip68-1.0.4.tgz",
			"integrity": "sha512-O1htyufFTYy3EO0JkHg2CLykdXEtV2ssqw47Gq9A0WByp662xpJnMEB9m43LZjsSDjIAOozWRExlFQk2hlV1XQ=="
		},
		"cashc": {
			"version": "0.5.7",
			"resolved": "https://registry.npmjs.org/cashc/-/cashc-0.5.7.tgz",
			"integrity": "sha512-FmD7Yvi01vU4gOVnug78GSEzMgzbhMwQtbudi9zFwCucQvfiHx7hCqBmxKEo7z5kvJzPAeSLLzAdHrmlNthy8A==",
			"requires": {
				"@bitauth/libauth": "^1.17.2",
				"@types/semver": "^6.0.2",
				"antlr4ts": "^0.5.0-alpha.3",
				"commander": "^6.0.0",
				"semver": "^6.3.0"
			}
		},
		"cashscript": {
			"version": "0.5.7",
			"resolved": "https://registry.npmjs.org/cashscript/-/cashscript-0.5.7.tgz",
			"integrity": "sha512-fEULeedpkyNgurTbFVBBooEZ2t5Zw0WN6evJYSvuY2QeVYm5ftuTL0rp8T0nT7ep3OHoeIWZLuJemWZnOExOAA==",
			"requires": {
				"@bitauth/libauth": "^1.17.2",
				"bip68": "^1.0.4",
				"cashc": "^0.5.7",
				"delay": "^4.3.0",
				"electrum-cash": "^2.0.4",
				"hash.js": "^1.1.7"
			}
		},
		"commander": {
			"version": "6.2.1",
			"resolved": "https://registry.npmjs.org/commander/-/commander-6.2.1.tgz",
			"integrity": "sha512-U7VdrJFnJgo4xjrHpTzu0yrHPGImdsmD95ZlgYSEajAn2JKzDhDTPG9kBTefmObL2w/ngeZnilk+OV9CG3d7UA=="
		},
		"debug": {
			"version": "4.3.1",
			"resolved": "https://registry.npmjs.org/debug/-/debug-4.3.1.tgz",
			"integrity": "sha512-doEwdvm4PCeK4K3RQN2ZC2BYUBaxwLARCqZmMjtF8a51J2Rb0xpVloFRnCODwqjpwnAoao4pelN8l3RJdv3gRQ==",
			"requires": {
				"ms": "2.1.2"
			}
		},
		"delay": {
			"version": "4.4.1",
			"resolved": "https://registry.npmjs.org/delay/-/delay-4.4.1.tgz",
			"integrity": "sha512-aL3AhqtfhOlT/3ai6sWXeqwnw63ATNpnUiN4HL7x9q+My5QtHlO3OIkasmug9LKzpheLdmUKGRKnYXYAS7FQkQ=="
		},
		"electrum-cash": {
			"version": "2.0.6",
			"resolved": "https://registry.npmjs.org/electrum-cash/-/electrum-cash-2.0.6.tgz",
			"integrity": "sha512-+o0Hqcl0eCwd9fvCJpWn4yV3gYX874uCGpwpwNbZuEU9ipY5ft9iU0IfuFghUN6/AuCcsE6f8JkVOjuTjmfF5Q==",
			"requires": {
				"@types/ws": "^7.2.6",
				"async-mutex": "^0.2.4",
				"debug": "^4.1.1",
				"isomorphic-ws": "^4.0.1",
				"ws": "^7.3.1"
			}
		},
		"hash.js": {
			"version": "1.1.7",
			"resolved": "https://registry.npmjs.org/hash.js/-/hash.js-1.1.7.tgz",
			"integrity": "sha512-taOaskGt4z4SOANNseOviYDvjEJinIkRgmp7LbKP2YTTmVxWBl87s/uzK9r+44BclBSp2X7K1hqeNfz9JbBeXA==",
			"requires": {
				"inherits": "^2.0.3",
				"minimalistic-assert": "^1.0.1"
			}
		},
		"inherits": {
			"version": "2.0.4",
			"resolved": "https://registry.npmjs.org/inherits/-/inherits-2.0.4.tgz",
			"integrity": "sha512-k/vGaX4/Yla3WzyMCvTQOXYeIHvqOKtnqBduzTHpzpQZzAskKMhZ2K+EnBiSM9zGSoIFeMpXKxa4dYeZIQqewQ=="
		},
		"isomorphic-ws": {
			"version": "4.0.1",
			"resolved": "https://registry.npmjs.org/isomorphic-ws/-/isomorphic-ws-4.0.1.tgz",
			"integrity": "sha512-BhBvN2MBpWTaSHdWRb/bwdZJ1WaehQ2L1KngkCkfLUGF0mAWAT1sQUQacEmQ0jXkFw/czDXPNQSL5u2/Krsz1w=="
		},
		"minimalistic-assert": {
			"version": "1.0.1",
			"resolved": "https://registry.npmjs.org/minimalistic-assert/-/minimalistic-assert-1.0.1.tgz",
			"integrity": "sha512-UtJcAD4yEaGtjPezWuO9wC4nwUnVH/8/Im3yEHQP4b67cXlD/Qr9hdITCU1xDbSEXg2XKNaP8jsReV7vQd00/A=="
		},
		"ms": {
			"version": "2.1.2",
			"resolved": "https://registry.npmjs.org/ms/-/ms-2.1.2.tgz",
			"integrity": "sha512-sGkPx+VjMtmA6MX27oA4FBFELFCZZ4S4XqeGOXCv68tT+jb3vk/RyaKWP0PTKyWtmLSM0b+adUTEvbs1PEaH2w=="
		},
		"net": {
			"version": "1.0.2",
			"resolved": "https://registry.npmjs.org/net/-/net-1.0.2.tgz",
			"integrity": "sha1-0XV+yaf7I3HYPPR1XOPifhCCk4g="
		},
		"semver": {
			"version": "6.3.0",
			"resolved": "https://registry.npmjs.org/semver/-/semver-6.3.0.tgz",
			"integrity": "sha512-b39TBaTSfV6yBrapU89p5fKekE2m/NwnDocOVruQFS1/veMgdzuPcnOM34M6CwxW8jH/lxEa5rBoDeUwu5HHTw=="
		},
		"tslib": {
			"version": "2.1.0",
			"resolved": "https://registry.npmjs.org/tslib/-/tslib-2.1.0.tgz",
			"integrity": "sha512-hcVC3wYEziELGGmEEXue7D75zbwIIVUMWAVbHItGPx0ziyXxrOMQx4rQEVEV45Ut/1IotuEvwqPopzIOkDMf0A=="
		},
		"vscode-jsonrpc": {
			"version": "6.0.0",
			"resolved": "https://registry.npmjs.org/vscode-jsonrpc/-/vscode-jsonrpc-6.0.0.tgz",
			"integrity": "sha512-wnJA4BnEjOSyFMvjZdpiOwhSq9uDoK8e/kpRJDTaMYzwlkrhG1fwDIZI94CLsLzlCK5cIbMMtFlJlfR57Lavmg=="
		},
		"vscode-languageserver": {
			"version": "7.0.0",
			"resolved": "https://registry.npmjs.org/vscode-languageserver/-/vscode-languageserver-7.0.0.tgz",
			"integrity": "sha512-60HTx5ID+fLRcgdHfmz0LDZAXYEV68fzwG0JWwEPBode9NuMYTIxuYXPg4ngO8i8+Ou0lM7y6GzaYWbiDL0drw==",
			"requires": {
				"vscode-languageserver-protocol": "3.16.0"
			}
		},
		"vscode-languageserver-protocol": {
			"version": "3.16.0",
			"resolved": "https://registry.npmjs.org/vscode-languageserver-protocol/-/vscode-languageserver-protocol-3.16.0.tgz",
			"integrity": "sha512-sdeUoAawceQdgIfTI+sdcwkiK2KU+2cbEYA0agzM2uqaUy2UpnnGHtWTHVEtS0ES4zHU0eMFRGN+oQgDxlD66A==",
			"requires": {
				"vscode-jsonrpc": "6.0.0",
				"vscode-languageserver-types": "3.16.0"
			}
		},
		"vscode-languageserver-textdocument": {
			"version": "1.0.1",
			"resolved": "https://registry.npmjs.org/vscode-languageserver-textdocument/-/vscode-languageserver-textdocument-1.0.1.tgz",
			"integrity": "sha512-UIcJDjX7IFkck7cSkNNyzIz5FyvpQfY7sdzVy+wkKN/BLaD4DQ0ppXQrKePomCxTS7RrolK1I0pey0bG9eh8dA=="
		},
		"vscode-languageserver-types": {
			"version": "3.16.0",
			"resolved": "https://registry.npmjs.org/vscode-languageserver-types/-/vscode-languageserver-types-3.16.0.tgz",
			"integrity": "sha512-k8luDIWJWyenLc5ToFQQMaSrqCHiLwyKPHKPQZ5zz21vM+vIVUSvsRpcbiECH4WR88K2XZqc4ScRcZ7nk/jbeA=="
		},
		"ws": {
			"version": "7.4.3",
			"resolved": "https://registry.npmjs.org/ws/-/ws-7.4.3.tgz",
			"integrity": "sha512-hr6vCR76GsossIRsr8OLR9acVVm1jyfEWvhbNjtgPOrfvAlKzvyeg/P6r8RuDjRyrcQoPQT7K0DGEPc7Ae6jzA=="
		}
	}
}
